
Microsoft Visual Studio Solution File, Format Version 12.00
# Visual Studio Version 17
VisualStudioVersion = 17.1.32228.430
MinimumVisualStudioVersion = 10.0.40219.1
Project("{FAE04EC0-301F-11D3-BF4B-00C04F79EFBC}") = "projectweek5", "projectweek5\projectweek5.csproj", "{AE2505AD-7D0A-40B7-A128-149AD99CB37C}"
EndProject
Global
	GlobalSection(SolutionConfigurationPlatforms) = preSolution
		Debug|Any CPU = Debug|Any CPU
		Release|Any CPU = Release|Any CPU
	EndGlobalSection
	GlobalSection(ProjectConfigurationPlatforms) = postSolution
		{AE2505AD-7D0A-40B7-A128-149AD99CB37C}.Debug|Any CPU.ActiveCfg = Debug|Any CPU
		{AE2505AD-7D0A-40B7-A128-149AD99CB37C}.Debug|Any CPU.Build.0 = Debug|Any CPU
		{AE2505AD-7D0A-40B7-A128-149AD99CB37C}.Release|Any CPU.ActiveCfg = Release|Any CPU
		{AE2505AD-7D0A-40B7-A128-149AD99CB37C}.Release|Any CPU.Build.0 = Release|Any CPU
	EndGlobalSection
	GlobalSection(SolutionProperties) = preSolution
		HideSolutionNode = FALSE
	EndGlobalSection
	GlobalSection(ExtensibilityGlobals) = postSolution
		SolutionGuid = {F9C59DDB-A76F-492C-9F71-8FB0DB96E42F}
	EndGlobalSection
EndGlobal
